
Microsoft Visual Studio Solution File, Format Version 12.00
# Visual Studio Version 17
VisualStudioVersion = 17.8.34330.188
MinimumVisualStudioVersion = 10.0.40219.1
Project("{9A19103F-16F7-4668-BE54-9A1E7A4F7556}") = "Solid.Lib", "Solid.Lib\Solid.Lib.csproj", "{329E4742-D17B-443F-AAD3-A675FEA19E32}"
EndProject
Project("{2150E333-8FDC-42A3-9474-1A3956D46DE8}") = "UnitTest", "UnitTest", "{D8A71235-E1BF-4BE0-82A8-62358028F514}"
	ProjectSection(SolutionItems) = preProject
		not.txt = not.txt
	EndProjectSection
EndProject
Global
	GlobalSection(SolutionConfigurationPlatforms) = preSolution
		Debug|Any CPU = Debug|Any CPU
		Release|Any CPU = Release|Any CPU
	EndGlobalSection
	GlobalSection(ProjectConfigurationPlatforms) = postSolution
		{329E4742-D17B-443F-AAD3-A675FEA19E32}.Debug|Any CPU.ActiveCfg = Debug|Any CPU
		{329E4742-D17B-443F-AAD3-A675FEA19E32}.Debug|Any CPU.Build.0 = Debug|Any CPU
		{329E4742-D17B-443F-AAD3-A675FEA19E32}.Release|Any CPU.ActiveCfg = Release|Any CPU
		{329E4742-D17B-443F-AAD3-A675FEA19E32}.Release|Any CPU.Build.0 = Release|Any CPU
	EndGlobalSection
	GlobalSection(SolutionProperties) = preSolution
		HideSolutionNode = FALSE
	EndGlobalSection
	GlobalSection(ExtensibilityGlobals) = postSolution
		SolutionGuid = {49C104A0-E7E3-44E3-866B-43262A356EFD}
	EndGlobalSection
EndGlobal
