
Microsoft Visual Studio Solution File, Format Version 12.00
# Visual Studio Version 17
VisualStudioVersion = 17.8.34330.188
MinimumVisualStudioVersion = 10.0.40219.1
Project("{9A19103F-16F7-4668-BE54-9A1E7A4F7556}") = "Solid.Lib", "Solid.Lib\Solid.Lib.csproj", "{329E4742-D17B-443F-AAD3-A675FEA19E32}"
EndProject
Project("{FAE04EC0-301F-11D3-BF4B-00C04F79EFBC}") = "UnitTest.Lib", "UnitTest.Lib\UnitTest.Lib.csproj", "{CA37CC80-06AB-496A-A9E0-8BFBD1D844FA}"
EndProject
Project("{FAE04EC0-301F-11D3-BF4B-00C04F79EFBC}") = "RabbitMq.Lib", "RabbitMq.Lib\RabbitMq.Lib.csproj", "{2BA9310B-D1D5-4FB1-9F94-665F4B2158D1}"
EndProject
Project("{FAE04EC0-301F-11D3-BF4B-00C04F79EFBC}") = "DesignPatternss", "DesignPatternss\DesignPatternss.csproj", "{E11F142E-D6B4-4752-867F-82EBE0AFA058}"
EndProject
Global
	GlobalSection(SolutionConfigurationPlatforms) = preSolution
		Debug|Any CPU = Debug|Any CPU
		Release|Any CPU = Release|Any CPU
	EndGlobalSection
	GlobalSection(ProjectConfigurationPlatforms) = postSolution
		{329E4742-D17B-443F-AAD3-A675FEA19E32}.Debug|Any CPU.ActiveCfg = Debug|Any CPU
		{329E4742-D17B-443F-AAD3-A675FEA19E32}.Debug|Any CPU.Build.0 = Debug|Any CPU
		{329E4742-D17B-443F-AAD3-A675FEA19E32}.Release|Any CPU.ActiveCfg = Release|Any CPU
		{329E4742-D17B-443F-AAD3-A675FEA19E32}.Release|Any CPU.Build.0 = Release|Any CPU
		{CA37CC80-06AB-496A-A9E0-8BFBD1D844FA}.Debug|Any CPU.ActiveCfg = Debug|Any CPU
		{CA37CC80-06AB-496A-A9E0-8BFBD1D844FA}.Debug|Any CPU.Build.0 = Debug|Any CPU
		{CA37CC80-06AB-496A-A9E0-8BFBD1D844FA}.Release|Any CPU.ActiveCfg = Release|Any CPU
		{CA37CC80-06AB-496A-A9E0-8BFBD1D844FA}.Release|Any CPU.Build.0 = Release|Any CPU
		{2BA9310B-D1D5-4FB1-9F94-665F4B2158D1}.Debug|Any CPU.ActiveCfg = Debug|Any CPU
		{2BA9310B-D1D5-4FB1-9F94-665F4B2158D1}.Debug|Any CPU.Build.0 = Debug|Any CPU
		{2BA9310B-D1D5-4FB1-9F94-665F4B2158D1}.Release|Any CPU.ActiveCfg = Release|Any CPU
		{2BA9310B-D1D5-4FB1-9F94-665F4B2158D1}.Release|Any CPU.Build.0 = Release|Any CPU
		{E11F142E-D6B4-4752-867F-82EBE0AFA058}.Debug|Any CPU.ActiveCfg = Debug|Any CPU
		{E11F142E-D6B4-4752-867F-82EBE0AFA058}.Debug|Any CPU.Build.0 = Debug|Any CPU
		{E11F142E-D6B4-4752-867F-82EBE0AFA058}.Release|Any CPU.ActiveCfg = Release|Any CPU
		{E11F142E-D6B4-4752-867F-82EBE0AFA058}.Release|Any CPU.Build.0 = Release|Any CPU
	EndGlobalSection
	GlobalSection(SolutionProperties) = preSolution
		HideSolutionNode = FALSE
	EndGlobalSection
	GlobalSection(ExtensibilityGlobals) = postSolution
		SolutionGuid = {49C104A0-E7E3-44E3-866B-43262A356EFD}
	EndGlobalSection
EndGlobal
