
Microsoft Visual Studio Solution File, Format Version 12.00
# Visual Studio Version 17
VisualStudioVersion = 17.8.34330.188
MinimumVisualStudioVersion = 10.0.40219.1
Project("{FAE04EC0-301F-11D3-BF4B-00C04F79EFBC}") = "Solid.Lib", "Solid.Lib\Solid.Lib.csproj", "{329E4742-D17B-443F-AAD3-A675FEA19E32}"
EndProject
Global
	GlobalSection(SolutionConfigurationPlatforms) = preSolution
		Debug|Any CPU = Debug|Any CPU
		Release|Any CPU = Release|Any CPU
	EndGlobalSection
	GlobalSection(ProjectConfigurationPlatforms) = postSolution
		{329E4742-D17B-443F-AAD3-A675FEA19E32}.Debug|Any CPU.ActiveCfg = Debug|Any CPU
		{329E4742-D17B-443F-AAD3-A675FEA19E32}.Debug|Any CPU.Build.0 = Debug|Any CPU
		{329E4742-D17B-443F-AAD3-A675FEA19E32}.Release|Any CPU.ActiveCfg = Release|Any CPU
		{329E4742-D17B-443F-AAD3-A675FEA19E32}.Release|Any CPU.Build.0 = Release|Any CPU
	EndGlobalSection
	GlobalSection(SolutionProperties) = preSolution
		HideSolutionNode = FALSE
	EndGlobalSection
	GlobalSection(ExtensibilityGlobals) = postSolution
		SolutionGuid = {49C104A0-E7E3-44E3-866B-43262A356EFD}
	EndGlobalSection
EndGlobal
